// !$*UTF8*$!
{
	archiveVersion = 1;
	classes = {
	};
	objectVersion = 50;
	objects = {

/* Begin PBXBuildFile section */
		622B238525F670E80097EE73 /* templateApp.swift in Sources */ = {isa = PBXBuildFile; fileRef = 622B238425F670E80097EE73 /* templateApp.swift */; };
		622B238725F670E80097EE73 /* ContentView.swift in Sources */ = {isa = PBXBuildFile; fileRef = 622B238625F670E80097EE73 /* ContentView.swift */; };
		622B238925F670E90097EE73 /* Assets.xcassets in Resources */ = {isa = PBXBuildFile; fileRef = 622B238825F670E90097EE73 /* Assets.xcassets */; };
		622B238C25F670E90097EE73 /* Preview Assets.xcassets in Resources */ = {isa = PBXBuildFile; fileRef = 622B238B25F670E90097EE73 /* Preview Assets.xcassets */; };
		622B239725F670E90097EE73 /* templateTests.swift in Sources */ = {isa = PBXBuildFile; fileRef = 622B239625F670E90097EE73 /* templateTests.swift */; };
		622B23A225F670E90097EE73 /* templateUITests.swift in Sources */ = {isa = PBXBuildFile; fileRef = 622B23A125F670E90097EE73 /* templateUITests.swift */; };
/* End PBXBuildFile section */

/* Begin PBXContainerItemProxy section */
		622B239325F670E90097EE73 /* PBXContainerItemProxy */ = {
			isa = PBXContainerItemProxy;
			containerPortal = 622B237925F670E80097EE73 /* Project object */;
			proxyType = 1;
			remoteGlobalIDString = 622B238025F670E80097EE73;
			remoteInfo = template;
		};
		622B239E25F670E90097EE73 /* PBXContainerItemProxy */ = {
			isa = PBXContainerItemProxy;
			containerPortal = 622B237925F670E80097EE73 /* Project object */;
			proxyType = 1;
			remoteGlobalIDString = 622B238025F670E80097EE73;
			remoteInfo = template;
		};
/* End PBXContainerItemProxy section */

/* Begin PBXFileReference section */
		622B238125F670E80097EE73 /* template.app */ = {isa = PBXFileReference; explicitFileType = wrapper.application; includeInIndex = 0; path = template.app; sourceTree = BUILT_PRODUCTS_DIR; };
		622B238425F670E80097EE73 /* templateApp.swift */ = {isa = PBXFileReference; lastKnownFileType = sourcecode.swift; path = templateApp.swift; sourceTree = "<group>"; };
		622B238625F670E80097EE73 /* ContentView.swift */ = {isa = PBXFileReference; lastKnownFileType = sourcecode.swift; path = ContentView.swift; sourceTree = "<group>"; };
		622B238825F670E90097EE73 /* Assets.xcassets */ = {isa = PBXFileReference; lastKnownFileType = folder.assetcatalog; path = Assets.xcassets; sourceTree = "<group>"; };
		622B238B25F670E90097EE73 /* Preview Assets.xcassets */ = {isa = PBXFileReference; lastKnownFileType = folder.assetcatalog; path = "Preview Assets.xcassets"; sourceTree = "<group>"; };
		622B238D25F670E90097EE73 /* Info.plist */ = {isa = PBXFileReference; lastKnownFileType = text.plist.xml; path = Info.plist; sourceTree = "<group>"; };
		622B239225F670E90097EE73 /* templateTests.xctest */ = {isa = PBXFileReference; explicitFileType = wrapper.cfbundle; includeInIndex = 0; path = templateTests.xctest; sourceTree = BUILT_PRODUCTS_DIR; };
		622B239625F670E90097EE73 /* templateTests.swift */ = {isa = PBXFileReference; lastKnownFileType = sourcecode.swift; path = templateTests.swift; sourceTree = "<group>"; };
		622B239825F670E90097EE73 /* Info.plist */ = {isa = PBXFileReference; lastKnownFileType = text.plist.xml; path = Info.plist; sourceTree = "<group>"; };
		622B239D25F670E90097EE73 /* templateUITests.xctest */ = {isa = PBXFileReference; explicitFileType = wrapper.cfbundle; includeInIndex = 0; path = templateUITests.xctest; sourceTree = BUILT_PRODUCTS_DIR; };
		622B23A125F670E90097EE73 /* templateUITests.swift */ = {isa = PBXFileReference; lastKnownFileType = sourcecode.swift; path = templateUITests.swift; sourceTree = "<group>"; };
		622B23A325F670E90097EE73 /* Info.plist */ = {isa = PBXFileReference; lastKnownFileType = text.plist.xml; path = Info.plist; sourceTree = "<group>"; };
/* End PBXFileReference section */

/* Begin PBXFrameworksBuildPhase section */
		622B237E25F670E80097EE73 /* Frameworks */ = {
			isa = PBXFrameworksBuildPhase;
			buildActionMask = 2147483647;
			files = (
			);
			runOnlyForDeploymentPostprocessing = 0;
		};
		622B238F25F670E90097EE73 /* Frameworks */ = {
			isa = PBXFrameworksBuildPhase;
			buildActionMask = 2147483647;
			files = (
			);
			runOnlyForDeploymentPostprocessing = 0;
		};
		622B239A25F670E90097EE73 /* Frameworks */ = {
			isa = PBXFrameworksBuildPhase;
			buildActionMask = 2147483647;
			files = (
			);
			runOnlyForDeploymentPostprocessing = 0;
		};
/* End PBXFrameworksBuildPhase section */

/* Begin PBXGroup section */
		622B237825F670E80097EE73 = {
			isa = PBXGroup;
			children = (
				622B238325F670E80097EE73 /* template */,
				622B239525F670E90097EE73 /* templateTests */,
				622B23A025F670E90097EE73 /* templateUITests */,
				622B238225F670E80097EE73 /* Products */,
			);
			sourceTree = "<group>";
		};
		622B238225F670E80097EE73 /* Products */ = {
			isa = PBXGroup;
			children = (
				622B238125F670E80097EE73 /* template.app */,
				622B239225F670E90097EE73 /* templateTests.xctest */,
				622B239D25F670E90097EE73 /* templateUITests.xctest */,
			);
			name = Products;
			sourceTree = "<group>";
		};
		622B238325F670E80097EE73 /* template */ = {
			isa = PBXGroup;
			children = (
				622B238425F670E80097EE73 /* templateApp.swift */,
				622B238625F670E80097EE73 /* ContentView.swift */,
				622B238825F670E90097EE73 /* Assets.xcassets */,
				622B238D25F670E90097EE73 /* Info.plist */,
				622B238A25F670E90097EE73 /* Preview Content */,
			);
			path = template;
			sourceTree = "<group>";
		};
		622B238A25F670E90097EE73 /* Preview Content */ = {
			isa = PBXGroup;
			children = (
				622B238B25F670E90097EE73 /* Preview Assets.xcassets */,
			);
			path = "Preview Content";
			sourceTree = "<group>";
		};
		622B239525F670E90097EE73 /* templateTests */ = {
			isa = PBXGroup;
			children = (
				622B239625F670E90097EE73 /* templateTests.swift */,
				622B239825F670E90097EE73 /* Info.plist */,
			);
			path = templateTests;
			sourceTree = "<group>";
		};
		622B23A025F670E90097EE73 /* templateUITests */ = {
			isa = PBXGroup;
			children = (
				622B23A125F670E90097EE73 /* templateUITests.swift */,
				622B23A325F670E90097EE73 /* Info.plist */,
			);
			path = templateUITests;
			sourceTree = "<group>";
		};
/* End PBXGroup section */

/* Begin PBXNativeTarget section */
		622B238025F670E80097EE73 /* template */ = {
			isa = PBXNativeTarget;
			buildConfigurationList = 622B23A625F670E90097EE73 /* Build configuration list for PBXNativeTarget "template" */;
			buildPhases = (
				622B237D25F670E80097EE73 /* Sources */,
				622B237E25F670E80097EE73 /* Frameworks */,
				622B237F25F670E80097EE73 /* Resources */,
			);
			buildRules = (
			);
			dependencies = (
			);
			name = template;
			productName = template;
			productReference = 622B238125F670E80097EE73 /* template.app */;
			productType = "com.apple.product-type.application";
		};
		622B239125F670E90097EE73 /* templateTests */ = {
			isa = PBXNativeTarget;
			buildConfigurationList = 622B23A925F670E90097EE73 /* Build configuration list for PBXNativeTarget "templateTests" */;
			buildPhases = (
				622B238E25F670E90097EE73 /* Sources */,
				622B238F25F670E90097EE73 /* Frameworks */,
				622B239025F670E90097EE73 /* Resources */,
			);
			buildRules = (
			);
			dependencies = (
				622B239425F670E90097EE73 /* PBXTargetDependency */,
			);
			name = templateTests;
			productName = templateTests;
			productReference = 622B239225F670E90097EE73 /* templateTests.xctest */;
			productType = "com.apple.product-type.bundle.unit-test";
		};
		622B239C25F670E90097EE73 /* templateUITests */ = {
			isa = PBXNativeTarget;
			buildConfigurationList = 622B23AC25F670E90097EE73 /* Build configuration list for PBXNativeTarget "templateUITests" */;
			buildPhases = (
				622B239925F670E90097EE73 /* Sources */,
				622B239A25F670E90097EE73 /* Frameworks */,
				622B239B25F670E90097EE73 /* Resources */,
			);
			buildRules = (
			);
			dependencies = (
				622B239F25F670E90097EE73 /* PBXTargetDependency */,
			);
			name = templateUITests;
			productName = templateUITests;
			productReference = 622B239D25F670E90097EE73 /* templateUITests.xctest */;
			productType = "com.apple.product-type.bundle.ui-testing";
		};
/* End PBXNativeTarget section */

/* Begin PBXProject section */
		622B237925F670E80097EE73 /* Project object */ = {
			isa = PBXProject;
			attributes = {
				LastSwiftUpdateCheck = 1240;
				LastUpgradeCheck = 1240;
				TargetAttributes = {
					622B238025F670E80097EE73 = {
						CreatedOnToolsVersion = 12.4;
					};
					622B239125F670E90097EE73 = {
						CreatedOnToolsVersion = 12.4;
						TestTargetID = 622B238025F670E80097EE73;
					};
					622B239C25F670E90097EE73 = {
						CreatedOnToolsVersion = 12.4;
						TestTargetID = 622B238025F670E80097EE73;
					};
				};
			};
			buildConfigurationList = 622B237C25F670E80097EE73 /* Build configuration list for PBXProject "template" */;
			compatibilityVersion = "Xcode 9.3";
			developmentRegion = en;
			hasScannedForEncodings = 0;
			knownRegions = (
				en,
				Base,
			);
			mainGroup = 622B237825F670E80097EE73;
			productRefGroup = 622B238225F670E80097EE73 /* Products */;
			projectDirPath = "";
			projectRoot = "";
			targets = (
				622B238025F670E80097EE73 /* template */,
				622B239125F670E90097EE73 /* templateTests */,
				622B239C25F670E90097EE73 /* templateUITests */,
			);
		};
/* End PBXProject section */

/* Begin PBXResourcesBuildPhase section */
		622B237F25F670E80097EE73 /* Resources */ = {
			isa = PBXResourcesBuildPhase;
			buildActionMask = 2147483647;
			files = (
				622B238C25F670E90097EE73 /* Preview Assets.xcassets in Resources */,
				622B238925F670E90097EE73 /* Assets.xcassets in Resources */,
			);
			runOnlyForDeploymentPostprocessing = 0;
		};
		622B239025F670E90097EE73 /* Resources */ = {
			isa = PBXResourcesBuildPhase;
			buildActionMask = 2147483647;
			files = (
			);
			runOnlyForDeploymentPostprocessing = 0;
		};
		622B239B25F670E90097EE73 /* Resources */ = {
			isa = PBXResourcesBuildPhase;
			buildActionMask = 2147483647;
			files = (
			);
			runOnlyForDeploymentPostprocessing = 0;
		};
/* End PBXResourcesBuildPhase section */

/* Begin PBXSourcesBuildPhase section */
		622B237D25F670E80097EE73 /* Sources */ = {
			isa = PBXSourcesBuildPhase;
			buildActionMask = 2147483647;
			files = (
				622B238725F670E80097EE73 /* ContentView.swift in Sources */,
				622B238525F670E80097EE73 /* templateApp.swift in Sources */,
			);
			runOnlyForDeploymentPostprocessing = 0;
		};
		622B238E25F670E90097EE73 /* Sources */ = {
			isa = PBXSourcesBuildPhase;
			buildActionMask = 2147483647;
			files = (
				622B239725F670E90097EE73 /* templateTests.swift in Sources */,
			);
			runOnlyForDeploymentPostprocessing = 0;
		};
		622B239925F670E90097EE73 /* Sources */ = {
			isa = PBXSourcesBuildPhase;
			buildActionMask = 2147483647;
			files = (
				622B23A225F670E90097EE73 /* templateUITests.swift in Sources */,
			);
			runOnlyForDeploymentPostprocessing = 0;
		};
/* End PBXSourcesBuildPhase section */

/* Begin PBXTargetDependency section */
		622B239425F670E90097EE73 /* PBXTargetDependency */ = {
			isa = PBXTargetDependency;
			target = 622B238025F670E80097EE73 /* template */;
			targetProxy = 622B239325F670E90097EE73 /* PBXContainerItemProxy */;
		};
		622B239F25F670E90097EE73 /* PBXTargetDependency */ = {
			isa = PBXTargetDependency;
			target = 622B238025F670E80097EE73 /* template */;
			targetProxy = 622B239E25F670E90097EE73 /* PBXContainerItemProxy */;
		};
/* End PBXTargetDependency section */

/* Begin XCBuildConfiguration section */
		622B23A425F670E90097EE73 /* Debug */ = {
			isa = XCBuildConfiguration;
			buildSettings = {
				ALWAYS_SEARCH_USER_PATHS = NO;
				CLANG_ANALYZER_NONNULL = YES;
				CLANG_ANALYZER_NUMBER_OBJECT_CONVERSION = YES_AGGRESSIVE;
				CLANG_CXX_LANGUAGE_STANDARD = "gnu++14";
				CLANG_CXX_LIBRARY = "libc++";
				CLANG_ENABLE_MODULES = YES;
				CLANG_ENABLE_OBJC_ARC = YES;
				CLANG_ENABLE_OBJC_WEAK = YES;
				CLANG_WARN_BLOCK_CAPTURE_AUTORELEASING = YES;
				CLANG_WARN_BOOL_CONVERSION = YES;
				CLANG_WARN_COMMA = YES;
				CLANG_WARN_CONSTANT_CONVERSION = YES;
				CLANG_WARN_DEPRECATED_OBJC_IMPLEMENTATIONS = YES;
				CLANG_WARN_DIRECT_OBJC_ISA_USAGE = YES_ERROR;
				CLANG_WARN_DOCUMENTATION_COMMENTS = YES;
				CLANG_WARN_EMPTY_BODY = YES;
				CLANG_WARN_ENUM_CONVERSION = YES;
				CLANG_WARN_INFINITE_RECURSION = YES;
				CLANG_WARN_INT_CONVERSION = YES;
				CLANG_WARN_NON_LITERAL_NULL_CONVERSION = YES;
				CLANG_WARN_OBJC_IMPLICIT_RETAIN_SELF = YES;
				CLANG_WARN_OBJC_LITERAL_CONVERSION = YES;
				CLANG_WARN_OBJC_ROOT_CLASS = YES_ERROR;
				CLANG_WARN_QUOTED_INCLUDE_IN_FRAMEWORK_HEADER = YES;
				CLANG_WARN_RANGE_LOOP_ANALYSIS = YES;
				CLANG_WARN_STRICT_PROTOTYPES = YES;
				CLANG_WARN_SUSPICIOUS_MOVE = YES;
				CLANG_WARN_UNGUARDED_AVAILABILITY = YES_AGGRESSIVE;
				CLANG_WARN_UNREACHABLE_CODE = YES;
				CLANG_WARN__DUPLICATE_METHOD_MATCH = YES;
				COPY_PHASE_STRIP = NO;
				DEBUG_INFORMATION_FORMAT = dwarf;
				ENABLE_STRICT_OBJC_MSGSEND = YES;
				ENABLE_TESTABILITY = YES;
				GCC_C_LANGUAGE_STANDARD = gnu11;
				GCC_DYNAMIC_NO_PIC = NO;
				GCC_NO_COMMON_BLOCKS = YES;
				GCC_OPTIMIZATION_LEVEL = 0;
				GCC_PREPROCESSOR_DEFINITIONS = (
					"DEBUG=1",
					"$(inherited)",
				);
				GCC_WARN_64_TO_32_BIT_CONVERSION = YES;
				GCC_WARN_ABOUT_RETURN_TYPE = YES_ERROR;
				GCC_WARN_UNDECLARED_SELECTOR = YES;
				GCC_WARN_UNINITIALIZED_AUTOS = YES_AGGRESSIVE;
				GCC_WARN_UNUSED_FUNCTION = YES;
				GCC_WARN_UNUSED_VARIABLE = YES;
				IPHONEOS_DEPLOYMENT_TARGET = 14.4;
				MTL_ENABLE_DEBUG_INFO = INCLUDE_SOURCE;
				MTL_FAST_MATH = YES;
				ONLY_ACTIVE_ARCH = YES;
				SDKROOT = iphoneos;
				SWIFT_ACTIVE_COMPILATION_CONDITIONS = DEBUG;
				SWIFT_OPTIMIZATION_LEVEL = "-Onone";
			};
			name = Debug;
		};
		622B23A525F670E90097EE73 /* Release */ = {
			isa = XCBuildConfiguration;
			buildSettings = {
				ALWAYS_SEARCH_USER_PATHS = NO;
				CLANG_ANALYZER_NONNULL = YES;
				CLANG_ANALYZER_NUMBER_OBJECT_CONVERSION = YES_AGGRESSIVE;
				CLANG_CXX_LANGUAGE_STANDARD = "gnu++14";
				CLANG_CXX_LIBRARY = "libc++";
				CLANG_ENABLE_MODULES = YES;
				CLANG_ENABLE_OBJC_ARC = YES;
				CLANG_ENABLE_OBJC_WEAK = YES;
				CLANG_WARN_BLOCK_CAPTURE_AUTORELEASING = YES;
				CLANG_WARN_BOOL_CONVERSION = YES;
				CLANG_WARN_COMMA = YES;
				CLANG_WARN_CONSTANT_CONVERSION = YES;
				CLANG_WARN_DEPRECATED_OBJC_IMPLEMENTATIONS = YES;
				CLANG_WARN_DIRECT_OBJC_ISA_USAGE = YES_ERROR;
				CLANG_WARN_DOCUMENTATION_COMMENTS = YES;
				CLANG_WARN_EMPTY_BODY = YES;
				CLANG_WARN_ENUM_CONVERSION = YES;
				CLANG_WARN_INFINITE_RECURSION = YES;
				CLANG_WARN_INT_CONVERSION = YES;
				CLANG_WARN_NON_LITERAL_NULL_CONVERSION = YES;
				CLANG_WARN_OBJC_IMPLICIT_RETAIN_SELF = YES;
				CLANG_WARN_OBJC_LITERAL_CONVERSION = YES;
				CLANG_WARN_OBJC_ROOT_CLASS = YES_ERROR;
				CLANG_WARN_QUOTED_INCLUDE_IN_FRAMEWORK_HEADER = YES;
				CLANG_WARN_RANGE_LOOP_ANALYSIS = YES;
				CLANG_WARN_STRICT_PROTOTYPES = YES;
				CLANG_WARN_SUSPICIOUS_MOVE = YES;
				CLANG_WARN_UNGUARDED_AVAILABILITY = YES_AGGRESSIVE;
				CLANG_WARN_UNREACHABLE_CODE = YES;
				CLANG_WARN__DUPLICATE_METHOD_MATCH = YES;
				COPY_PHASE_STRIP = NO;
				DEBUG_INFORMATION_FORMAT = "dwarf-with-dsym";
				ENABLE_NS_ASSERTIONS = NO;
				ENABLE_STRICT_OBJC_MSGSEND = YES;
				GCC_C_LANGUAGE_STANDARD = gnu11;
				GCC_NO_COMMON_BLOCKS = YES;
				GCC_WARN_64_TO_32_BIT_CONVERSION = YES;
				GCC_WARN_ABOUT_RETURN_TYPE = YES_ERROR;
				GCC_WARN_UNDECLARED_SELECTOR = YES;
				GCC_WARN_UNINITIALIZED_AUTOS = YES_AGGRESSIVE;
				GCC_WARN_UNUSED_FUNCTION = YES;
				GCC_WARN_UNUSED_VARIABLE = YES;
				IPHONEOS_DEPLOYMENT_TARGET = 14.4;
				MTL_ENABLE_DEBUG_INFO = NO;
				MTL_FAST_MATH = YES;
				SDKROOT = iphoneos;
				SWIFT_COMPILATION_MODE = wholemodule;
				SWIFT_OPTIMIZATION_LEVEL = "-O";
				VALIDATE_PRODUCT = YES;
			};
			name = Release;
		};
		622B23A725F670E90097EE73 /* Debug */ = {
			isa = XCBuildConfiguration;
			buildSettings = {
				ASSETCATALOG_COMPILER_APPICON_NAME = AppIcon;
				ASSETCATALOG_COMPILER_GLOBAL_ACCENT_COLOR_NAME = AccentColor;
				CODE_SIGN_STYLE = Automatic;
				DEVELOPMENT_ASSET_PATHS = "\"template/Preview Content\"";
				DEVELOPMENT_TEAM = TNBZ2XWR75;
				ENABLE_PREVIEWS = YES;
				INFOPLIST_FILE = template/Info.plist;
				IPHONEOS_DEPLOYMENT_TARGET = 14.0;
				LD_RUNPATH_SEARCH_PATHS = (
					"$(inherited)",
					"@executable_path/Frameworks",
				);
				PRODUCT_BUNDLE_IDENTIFIER = unbinilium.template;
				PRODUCT_NAME = "$(TARGET_NAME)";
				SWIFT_VERSION = 5.0;
				TARGETED_DEVICE_FAMILY = "1,2";
			};
			name = Debug;
		};
		622B23A825F670E90097EE73 /* Release */ = {
			isa = XCBuildConfiguration;
			buildSettings = {
				ASSETCATALOG_COMPILER_APPICON_NAME = AppIcon;
				ASSETCATALOG_COMPILER_GLOBAL_ACCENT_COLOR_NAME = AccentColor;
				CODE_SIGN_STYLE = Automatic;
				DEVELOPMENT_ASSET_PATHS = "\"template/Preview Content\"";
				DEVELOPMENT_TEAM = TNBZ2XWR75;
				ENABLE_PREVIEWS = YES;
				INFOPLIST_FILE = template/Info.plist;
				IPHONEOS_DEPLOYMENT_TARGET = 14.0;
				LD_RUNPATH_SEARCH_PATHS = (
					"$(inherited)",
					"@executable_path/Frameworks",
				);
				PRODUCT_BUNDLE_IDENTIFIER = unbinilium.template;
				PRODUCT_NAME = "$(TARGET_NAME)";
				SWIFT_VERSION = 5.0;
				TARGETED_DEVICE_FAMILY = "1,2";
			};
			name = Release;
		};
		622B23AA25F670E90097EE73 /* Debug */ = {
			isa = XCBuildConfiguration;
			buildSettings = {
				ALWAYS_EMBED_SWIFT_STANDARD_LIBRARIES = YES;
				BUNDLE_LOADER = "$(TEST_HOST)";
				CODE_SIGN_STYLE = Automatic;
				DEVELOPMENT_TEAM = TNBZ2XWR75;
				INFOPLIST_FILE = templateTests/Info.plist;
				IPHONEOS_DEPLOYMENT_TARGET = 14.0;
				LD_RUNPATH_SEARCH_PATHS = (
					"$(inherited)",
					"@executable_path/Frameworks",
					"@loader_path/Frameworks",
				);
				PRODUCT_BUNDLE_IDENTIFIER = unbinilium.templateTests;
				PRODUCT_NAME = "$(TARGET_NAME)";
				SWIFT_VERSION = 5.0;
				TARGETED_DEVICE_FAMILY = "1,2";
				TEST_HOST = "$(BUILT_PRODUCTS_DIR)/template.app/template";
			};
			name = Debug;
		};
		622B23AB25F670E90097EE73 /* Release */ = {
			isa = XCBuildConfiguration;
			buildSettings = {
				ALWAYS_EMBED_SWIFT_STANDARD_LIBRARIES = YES;
				BUNDLE_LOADER = "$(TEST_HOST)";
				CODE_SIGN_STYLE = Automatic;
				DEVELOPMENT_TEAM = TNBZ2XWR75;
				INFOPLIST_FILE = templateTests/Info.plist;
				IPHONEOS_DEPLOYMENT_TARGET = 14.0;
				LD_RUNPATH_SEARCH_PATHS = (
					"$(inherited)",
					"@executable_path/Frameworks",
					"@loader_path/Frameworks",
				);
				PRODUCT_BUNDLE_IDENTIFIER = unbinilium.templateTests;
				PRODUCT_NAME = "$(TARGET_NAME)";
				SWIFT_VERSION = 5.0;
				TARGETED_DEVICE_FAMILY = "1,2";
				TEST_HOST = "$(BUILT_PRODUCTS_DIR)/template.app/template";
			};
			name = Release;
		};
		622B23AD25F670E90097EE73 /* Debug */ = {
			isa = XCBuildConfiguration;
			buildSettings = {
				ALWAYS_EMBED_SWIFT_STANDARD_LIBRARIES = YES;
				CODE_SIGN_STYLE = Automatic;
				DEVELOPMENT_TEAM = TNBZ2XWR75;
				INFOPLIST_FILE = templateUITests/Info.plist;
				LD_RUNPATH_SEARCH_PATHS = (
					"$(inherited)",
					"@executable_path/Frameworks",
					"@loader_path/Frameworks",
				);
				PRODUCT_BUNDLE_IDENTIFIER = unbinilium.templateUITests;
				PRODUCT_NAME = "$(TARGET_NAME)";
				SWIFT_VERSION = 5.0;
				TARGETED_DEVICE_FAMILY = "1,2";
				TEST_TARGET_NAME = template;
			};
			name = Debug;
		};
		622B23AE25F670E90097EE73 /* Release */ = {
			isa = XCBuildConfiguration;
			buildSettings = {
				ALWAYS_EMBED_SWIFT_STANDARD_LIBRARIES = YES;
				CODE_SIGN_STYLE = Automatic;
				DEVELOPMENT_TEAM = TNBZ2XWR75;
				INFOPLIST_FILE = templateUITests/Info.plist;
				LD_RUNPATH_SEARCH_PATHS = (
					"$(inherited)",
					"@executable_path/Frameworks",
					"@loader_path/Frameworks",
				);
				PRODUCT_BUNDLE_IDENTIFIER = unbinilium.templateUITests;
				PRODUCT_NAME = "$(TARGET_NAME)";
				SWIFT_VERSION = 5.0;
				TARGETED_DEVICE_FAMILY = "1,2";
				TEST_TARGET_NAME = template;
			};
			name = Release;
		};
/* End XCBuildConfiguration section */

/* Begin XCConfigurationList section */
		622B237C25F670E80097EE73 /* Build configuration list for PBXProject "template" */ = {
			isa = XCConfigurationList;
			buildConfigurations = (
				622B23A425F670E90097EE73 /* Debug */,
				622B23A525F670E90097EE73 /* Release */,
			);
			defaultConfigurationIsVisible = 0;
			defaultConfigurationName = Release;
		};
		622B23A625F670E90097EE73 /* Build configuration list for PBXNativeTarget "template" */ = {
			isa = XCConfigurationList;
			buildConfigurations = (
				622B23A725F670E90097EE73 /* Debug */,
				622B23A825F670E90097EE73 /* Release */,
			);
			defaultConfigurationIsVisible = 0;
			defaultConfigurationName = Release;
		};
		622B23A925F670E90097EE73 /* Build configuration list for PBXNativeTarget "templateTests" */ = {
			isa = XCConfigurationList;
			buildConfigurations = (
				622B23AA25F670E90097EE73 /* Debug */,
				622B23AB25F670E90097EE73 /* Release */,
			);
			defaultConfigurationIsVisible = 0;
			defaultConfigurationName = Release;
		};
		622B23AC25F670E90097EE73 /* Build configuration list for PBXNativeTarget "templateUITests" */ = {
			isa = XCConfigurationList;
			buildConfigurations = (
				622B23AD25F670E90097EE73 /* Debug */,
				622B23AE25F670E90097EE73 /* Release */,
			);
			defaultConfigurationIsVisible = 0;
			defaultConfigurationName = Release;
		};
/* End XCConfigurationList section */
	};
	rootObject = 622B237925F670E80097EE73 /* Project object */;
}
